
Microsoft Visual Studio Solution File, Format Version 12.00
# Visual Studio 15
VisualStudioVersion = 15.0.27428.2015
MinimumVisualStudioVersion = 10.0.40219.1
Project("{FAE04EC0-301F-11D3-BF4B-00C04F79EFBC}") = "TaskbarColorPicker", "TaskBarColorPicker\TaskbarColorPicker.csproj", "{6160C02A-EAAD-4BA9-A2E3-3630AA1CBAF5}"
EndProject
Project("{930C7802-8A8C-48F9-8165-68863BCCD9DD}") = "Setup", "Setup\Setup.wixproj", "{694EE62A-0FCD-412E-9806-B9B162693F60}"
EndProject
Global
	GlobalSection(SolutionConfigurationPlatforms) = preSolution
		Debug|Any CPU = Debug|Any CPU
		Debug|x86 = Debug|x86
		Release|Any CPU = Release|Any CPU
		Release|x86 = Release|x86
	EndGlobalSection
	GlobalSection(ProjectConfigurationPlatforms) = postSolution
		{6160C02A-EAAD-4BA9-A2E3-3630AA1CBAF5}.Debug|Any CPU.ActiveCfg = Debug|Any CPU
		{6160C02A-EAAD-4BA9-A2E3-3630AA1CBAF5}.Debug|Any CPU.Build.0 = Debug|Any CPU
		{6160C02A-EAAD-4BA9-A2E3-3630AA1CBAF5}.Debug|x86.ActiveCfg = Debug|Any CPU
		{6160C02A-EAAD-4BA9-A2E3-3630AA1CBAF5}.Debug|x86.Build.0 = Debug|Any CPU
		{6160C02A-EAAD-4BA9-A2E3-3630AA1CBAF5}.Release|Any CPU.ActiveCfg = Release|Any CPU
		{6160C02A-EAAD-4BA9-A2E3-3630AA1CBAF5}.Release|Any CPU.Build.0 = Release|Any CPU
		{6160C02A-EAAD-4BA9-A2E3-3630AA1CBAF5}.Release|x86.ActiveCfg = Release|Any CPU
		{6160C02A-EAAD-4BA9-A2E3-3630AA1CBAF5}.Release|x86.Build.0 = Release|Any CPU
		{694EE62A-0FCD-412E-9806-B9B162693F60}.Debug|Any CPU.ActiveCfg = Debug|x86
		{694EE62A-0FCD-412E-9806-B9B162693F60}.Debug|x86.ActiveCfg = Debug|x86
		{694EE62A-0FCD-412E-9806-B9B162693F60}.Debug|x86.Build.0 = Debug|x86
		{694EE62A-0FCD-412E-9806-B9B162693F60}.Release|Any CPU.ActiveCfg = Release|x86
		{694EE62A-0FCD-412E-9806-B9B162693F60}.Release|x86.ActiveCfg = Release|x86
		{694EE62A-0FCD-412E-9806-B9B162693F60}.Release|x86.Build.0 = Release|x86
	EndGlobalSection
	GlobalSection(SolutionProperties) = preSolution
		HideSolutionNode = FALSE
	EndGlobalSection
	GlobalSection(ExtensibilityGlobals) = postSolution
		SolutionGuid = {D33D74EE-CA4B-4ED3-A214-308EE273AE45}
	EndGlobalSection
EndGlobal
